// !$*UTF8*$!
{
	archiveVersion = 1;
	classes = {
	};
	objectVersion = 46;
	objects = {

/* Begin PBXBuildFile section */
		49B200721CECA33A00B3FE69 /* AppDelegate.swift in Sources */ = {isa = PBXBuildFile; fileRef = 49B200711CECA33A00B3FE69 /* AppDelegate.swift */; };
		49B200741CECA33A00B3FE69 /* ViewController.swift in Sources */ = {isa = PBXBuildFile; fileRef = 49B200731CECA33A00B3FE69 /* ViewController.swift */; };
		49B200771CECA33A00B3FE69 /* Main.storyboard in Resources */ = {isa = PBXBuildFile; fileRef = 49B200751CECA33A00B3FE69 /* Main.storyboard */; };
		49B200791CECA33A00B3FE69 /* Assets.xcassets in Resources */ = {isa = PBXBuildFile; fileRef = 49B200781CECA33A00B3FE69 /* Assets.xcassets */; };
		49B2007C1CECA33A00B3FE69 /* LaunchScreen.storyboard in Resources */ = {isa = PBXBuildFile; fileRef = 49B2007A1CECA33A00B3FE69 /* LaunchScreen.storyboard */; };
		49B200C41CECDE3D00B3FE69 /* WorkOrder.swift in Sources */ = {isa = PBXBuildFile; fileRef = 49B200C31CECDE3D00B3FE69 /* WorkOrder.swift */; };
		49B200C81CECE57A00B3FE69 /* LoginManager.swift in Sources */ = {isa = PBXBuildFile; fileRef = 49B200C71CECE57A00B3FE69 /* LoginManager.swift */; };
		49B200CA1CED04D000B3FE69 /* ResidentViewController.swift in Sources */ = {isa = PBXBuildFile; fileRef = 49B200C91CED04D000B3FE69 /* ResidentViewController.swift */; };
		49B200CC1CED04E100B3FE69 /* AdminViewController.swift in Sources */ = {isa = PBXBuildFile; fileRef = 49B200CB1CED04E100B3FE69 /* AdminViewController.swift */; };
		49B200D01CED6A9C00B3FE69 /* ResidentDetailViewController.swift in Sources */ = {isa = PBXBuildFile; fileRef = 49B200CF1CED6A9C00B3FE69 /* ResidentDetailViewController.swift */; };
		49B200D21CED6AAE00B3FE69 /* AdminDetailViewController.swift in Sources */ = {isa = PBXBuildFile; fileRef = 49B200D11CED6AAE00B3FE69 /* AdminDetailViewController.swift */; };
		78BC701CAE305106D5DDD598 /* Pods_ApartmentMgr.framework in Frameworks */ = {isa = PBXBuildFile; fileRef = 2EAAF5C71842F7FD5635C1AE /* Pods_ApartmentMgr.framework */; };
/* End PBXBuildFile section */

/* Begin PBXFileReference section */
		2EAAF5C71842F7FD5635C1AE /* Pods_ApartmentMgr.framework */ = {isa = PBXFileReference; explicitFileType = wrapper.framework; includeInIndex = 0; path = Pods_ApartmentMgr.framework; sourceTree = BUILT_PRODUCTS_DIR; };
		34E8289E21DD057B969D3393 /* Pods-ApartmentMgr.release.xcconfig */ = {isa = PBXFileReference; includeInIndex = 1; lastKnownFileType = text.xcconfig; name = "Pods-ApartmentMgr.release.xcconfig"; path = "Pods/Target Support Files/Pods-ApartmentMgr/Pods-ApartmentMgr.release.xcconfig"; sourceTree = "<group>"; };
		49B2006E1CECA33A00B3FE69 /* ApartmentMgr.app */ = {isa = PBXFileReference; explicitFileType = wrapper.application; includeInIndex = 0; path = ApartmentMgr.app; sourceTree = BUILT_PRODUCTS_DIR; };
		49B200711CECA33A00B3FE69 /* AppDelegate.swift */ = {isa = PBXFileReference; lastKnownFileType = sourcecode.swift; path = AppDelegate.swift; sourceTree = "<group>"; };
		49B200731CECA33A00B3FE69 /* ViewController.swift */ = {isa = PBXFileReference; lastKnownFileType = sourcecode.swift; path = ViewController.swift; sourceTree = "<group>"; };
		49B200761CECA33A00B3FE69 /* Base */ = {isa = PBXFileReference; lastKnownFileType = file.storyboard; name = Base; path = Base.lproj/Main.storyboard; sourceTree = "<group>"; };
		49B200781CECA33A00B3FE69 /* Assets.xcassets */ = {isa = PBXFileReference; lastKnownFileType = folder.assetcatalog; path = Assets.xcassets; sourceTree = "<group>"; };
		49B2007B1CECA33A00B3FE69 /* Base */ = {isa = PBXFileReference; lastKnownFileType = file.storyboard; name = Base; path = Base.lproj/LaunchScreen.storyboard; sourceTree = "<group>"; };
		49B2007D1CECA33A00B3FE69 /* Info.plist */ = {isa = PBXFileReference; lastKnownFileType = text.plist.xml; path = Info.plist; sourceTree = "<group>"; };
		49B200C31CECDE3D00B3FE69 /* WorkOrder.swift */ = {isa = PBXFileReference; fileEncoding = 4; lastKnownFileType = sourcecode.swift; path = WorkOrder.swift; sourceTree = "<group>"; };
		49B200C71CECE57A00B3FE69 /* LoginManager.swift */ = {isa = PBXFileReference; fileEncoding = 4; lastKnownFileType = sourcecode.swift; path = LoginManager.swift; sourceTree = "<group>"; };
		49B200C91CED04D000B3FE69 /* ResidentViewController.swift */ = {isa = PBXFileReference; fileEncoding = 4; lastKnownFileType = sourcecode.swift; path = ResidentViewController.swift; sourceTree = "<group>"; };
		49B200CB1CED04E100B3FE69 /* AdminViewController.swift */ = {isa = PBXFileReference; fileEncoding = 4; lastKnownFileType = sourcecode.swift; path = AdminViewController.swift; sourceTree = "<group>"; };
		49B200CF1CED6A9C00B3FE69 /* ResidentDetailViewController.swift */ = {isa = PBXFileReference; fileEncoding = 4; lastKnownFileType = sourcecode.swift; path = ResidentDetailViewController.swift; sourceTree = "<group>"; };
		49B200D11CED6AAE00B3FE69 /* AdminDetailViewController.swift */ = {isa = PBXFileReference; fileEncoding = 4; lastKnownFileType = sourcecode.swift; path = AdminDetailViewController.swift; sourceTree = "<group>"; };
		C02BB7A2719A7B043E6560B2 /* Pods-ApartmentMgr.debug.xcconfig */ = {isa = PBXFileReference; includeInIndex = 1; lastKnownFileType = text.xcconfig; name = "Pods-ApartmentMgr.debug.xcconfig"; path = "Pods/Target Support Files/Pods-ApartmentMgr/Pods-ApartmentMgr.debug.xcconfig"; sourceTree = "<group>"; };
/* End PBXFileReference section */

/* Begin PBXFrameworksBuildPhase section */
		49B2006B1CECA33A00B3FE69 /* Frameworks */ = {
			isa = PBXFrameworksBuildPhase;
			buildActionMask = 2147483647;
			files = (
				78BC701CAE305106D5DDD598 /* Pods_ApartmentMgr.framework in Frameworks */,
			);
			runOnlyForDeploymentPostprocessing = 0;
		};
/* End PBXFrameworksBuildPhase section */

/* Begin PBXGroup section */
		475B5A0FE667727FBB8BF9D6 /* Pods */ = {
			isa = PBXGroup;
			children = (
				C02BB7A2719A7B043E6560B2 /* Pods-ApartmentMgr.debug.xcconfig */,
				34E8289E21DD057B969D3393 /* Pods-ApartmentMgr.release.xcconfig */,
			);
			name = Pods;
			sourceTree = "<group>";
		};
		49B200651CECA33A00B3FE69 = {
			isa = PBXGroup;
			children = (
				49B200701CECA33A00B3FE69 /* ApartmentMgr */,
				49B2006F1CECA33A00B3FE69 /* Products */,
				475B5A0FE667727FBB8BF9D6 /* Pods */,
				E0CEE29AEC8CD95D9AF7AF76 /* Frameworks */,
			);
			sourceTree = "<group>";
		};
		49B2006F1CECA33A00B3FE69 /* Products */ = {
			isa = PBXGroup;
			children = (
				49B2006E1CECA33A00B3FE69 /* ApartmentMgr.app */,
			);
			name = Products;
			sourceTree = "<group>";
		};
		49B200701CECA33A00B3FE69 /* ApartmentMgr */ = {
			isa = PBXGroup;
			children = (
				49B200711CECA33A00B3FE69 /* AppDelegate.swift */,
				49B200731CECA33A00B3FE69 /* ViewController.swift */,
				49B200C71CECE57A00B3FE69 /* LoginManager.swift */,
				49B200C91CED04D000B3FE69 /* ResidentViewController.swift */,
				49B200CF1CED6A9C00B3FE69 /* ResidentDetailViewController.swift */,
				49B200CB1CED04E100B3FE69 /* AdminViewController.swift */,
				49B200D11CED6AAE00B3FE69 /* AdminDetailViewController.swift */,
				49B200751CECA33A00B3FE69 /* Main.storyboard */,
				49B200C31CECDE3D00B3FE69 /* WorkOrder.swift */,
				49B200781CECA33A00B3FE69 /* Assets.xcassets */,
				49B2007A1CECA33A00B3FE69 /* LaunchScreen.storyboard */,
				49B2007D1CECA33A00B3FE69 /* Info.plist */,
			);
			path = ApartmentMgr;
			sourceTree = "<group>";
		};
		E0CEE29AEC8CD95D9AF7AF76 /* Frameworks */ = {
			isa = PBXGroup;
			children = (
				2EAAF5C71842F7FD5635C1AE /* Pods_ApartmentMgr.framework */,
			);
			name = Frameworks;
			sourceTree = "<group>";
		};
/* End PBXGroup section */

/* Begin PBXNativeTarget section */
		49B2006D1CECA33A00B3FE69 /* ApartmentMgr */ = {
			isa = PBXNativeTarget;
			buildConfigurationList = 49B200801CECA33A00B3FE69 /* Build configuration list for PBXNativeTarget "ApartmentMgr" */;
			buildPhases = (
				52FE03F2343F1BAFDC951A77 /* 📦 Check Pods Manifest.lock */,
				49B2006A1CECA33A00B3FE69 /* Sources */,
				49B2006B1CECA33A00B3FE69 /* Frameworks */,
				49B2006C1CECA33A00B3FE69 /* Resources */,
				6F5E975BE177D9D07633B403 /* 📦 Embed Pods Frameworks */,
				5A6596D247C0B00CE627451A /* 📦 Copy Pods Resources */,
			);
			buildRules = (
			);
			dependencies = (
			);
			name = ApartmentMgr;
			productName = ApartmentMgr;
			productReference = 49B2006E1CECA33A00B3FE69 /* ApartmentMgr.app */;
			productType = "com.apple.product-type.application";
		};
/* End PBXNativeTarget section */

/* Begin PBXProject section */
		49B200661CECA33A00B3FE69 /* Project object */ = {
			isa = PBXProject;
			attributes = {
				LastSwiftUpdateCheck = 0730;
				LastUpgradeCheck = 0730;
				ORGANIZATIONNAME = AndrewConrad;
				TargetAttributes = {
					49B2006D1CECA33A00B3FE69 = {
						CreatedOnToolsVersion = 7.3;
						DevelopmentTeam = TYEMF78S4K;
					};
				};
			};
			buildConfigurationList = 49B200691CECA33A00B3FE69 /* Build configuration list for PBXProject "ApartmentMgr" */;
			compatibilityVersion = "Xcode 3.2";
			developmentRegion = English;
			hasScannedForEncodings = 0;
			knownRegions = (
				en,
				Base,
			);
			mainGroup = 49B200651CECA33A00B3FE69;
			productRefGroup = 49B2006F1CECA33A00B3FE69 /* Products */;
			projectDirPath = "";
			projectRoot = "";
			targets = (
				49B2006D1CECA33A00B3FE69 /* ApartmentMgr */,
			);
		};
/* End PBXProject section */

/* Begin PBXResourcesBuildPhase section */
		49B2006C1CECA33A00B3FE69 /* Resources */ = {
			isa = PBXResourcesBuildPhase;
			buildActionMask = 2147483647;
			files = (
				49B2007C1CECA33A00B3FE69 /* LaunchScreen.storyboard in Resources */,
				49B200791CECA33A00B3FE69 /* Assets.xcassets in Resources */,
				49B200771CECA33A00B3FE69 /* Main.storyboard in Resources */,
			);
			runOnlyForDeploymentPostprocessing = 0;
		};
/* End PBXResourcesBuildPhase section */

/* Begin PBXShellScriptBuildPhase section */
		52FE03F2343F1BAFDC951A77 /* 📦 Check Pods Manifest.lock */ = {
			isa = PBXShellScriptBuildPhase;
			buildActionMask = 2147483647;
			files = (
			);
			inputPaths = (
			);
			name = "📦 Check Pods Manifest.lock";
			outputPaths = (
			);
			runOnlyForDeploymentPostprocessing = 0;
			shellPath = /bin/sh;
			shellScript = "diff \"${PODS_ROOT}/../Podfile.lock\" \"${PODS_ROOT}/Manifest.lock\" > /dev/null\nif [[ $? != 0 ]] ; then\n    cat << EOM\nerror: The sandbox is not in sync with the Podfile.lock. Run 'pod install' or update your CocoaPods installation.\nEOM\n    exit 1\nfi\n";
			showEnvVarsInLog = 0;
		};
		5A6596D247C0B00CE627451A /* 📦 Copy Pods Resources */ = {
			isa = PBXShellScriptBuildPhase;
			buildActionMask = 2147483647;
			files = (
			);
			inputPaths = (
			);
			name = "📦 Copy Pods Resources";
			outputPaths = (
			);
			runOnlyForDeploymentPostprocessing = 0;
			shellPath = /bin/sh;
			shellScript = "\"${SRCROOT}/Pods/Target Support Files/Pods-ApartmentMgr/Pods-ApartmentMgr-resources.sh\"\n";
			showEnvVarsInLog = 0;
		};
		6F5E975BE177D9D07633B403 /* 📦 Embed Pods Frameworks */ = {
			isa = PBXShellScriptBuildPhase;
			buildActionMask = 2147483647;
			files = (
			);
			inputPaths = (
			);
			name = "📦 Embed Pods Frameworks";
			outputPaths = (
			);
			runOnlyForDeploymentPostprocessing = 0;
			shellPath = /bin/sh;
			shellScript = "\"${SRCROOT}/Pods/Target Support Files/Pods-ApartmentMgr/Pods-ApartmentMgr-frameworks.sh\"\n";
			showEnvVarsInLog = 0;
		};
/* End PBXShellScriptBuildPhase section */

/* Begin PBXSourcesBuildPhase section */
		49B2006A1CECA33A00B3FE69 /* Sources */ = {
			isa = PBXSourcesBuildPhase;
			buildActionMask = 2147483647;
			files = (
				49B200CC1CED04E100B3FE69 /* AdminViewController.swift in Sources */,
				49B200D01CED6A9C00B3FE69 /* ResidentDetailViewController.swift in Sources */,
				49B200741CECA33A00B3FE69 /* ViewController.swift in Sources */,
				49B200CA1CED04D000B3FE69 /* ResidentViewController.swift in Sources */,
				49B200C81CECE57A00B3FE69 /* LoginManager.swift in Sources */,
				49B200D21CED6AAE00B3FE69 /* AdminDetailViewController.swift in Sources */,
				49B200C41CECDE3D00B3FE69 /* WorkOrder.swift in Sources */,
				49B200721CECA33A00B3FE69 /* AppDelegate.swift in Sources */,
			);
			runOnlyForDeploymentPostprocessing = 0;
		};
/* End PBXSourcesBuildPhase section */

/* Begin PBXVariantGroup section */
		49B200751CECA33A00B3FE69 /* Main.storyboard */ = {
			isa = PBXVariantGroup;
			children = (
				49B200761CECA33A00B3FE69 /* Base */,
			);
			name = Main.storyboard;
			sourceTree = "<group>";
		};
		49B2007A1CECA33A00B3FE69 /* LaunchScreen.storyboard */ = {
			isa = PBXVariantGroup;
			children = (
				49B2007B1CECA33A00B3FE69 /* Base */,
			);
			name = LaunchScreen.storyboard;
			sourceTree = "<group>";
		};
/* End PBXVariantGroup section */

/* Begin XCBuildConfiguration section */
		49B2007E1CECA33A00B3FE69 /* Debug */ = {
			isa = XCBuildConfiguration;
			buildSettings = {
				ALWAYS_SEARCH_USER_PATHS = NO;
				CLANG_ANALYZER_NONNULL = YES;
				CLANG_CXX_LANGUAGE_STANDARD = "gnu++0x";
				CLANG_CXX_LIBRARY = "libc++";
				CLANG_ENABLE_MODULES = YES;
				CLANG_ENABLE_OBJC_ARC = YES;
				CLANG_WARN_BOOL_CONVERSION = YES;
				CLANG_WARN_CONSTANT_CONVERSION = YES;
				CLANG_WARN_DIRECT_OBJC_ISA_USAGE = YES_ERROR;
				CLANG_WARN_EMPTY_BODY = YES;
				CLANG_WARN_ENUM_CONVERSION = YES;
				CLANG_WARN_INT_CONVERSION = YES;
				CLANG_WARN_OBJC_ROOT_CLASS = YES_ERROR;
				CLANG_WARN_UNREACHABLE_CODE = YES;
				CLANG_WARN__DUPLICATE_METHOD_MATCH = YES;
				"CODE_SIGN_IDENTITY[sdk=iphoneos*]" = "iPhone Developer";
				COPY_PHASE_STRIP = NO;
				DEBUG_INFORMATION_FORMAT = dwarf;
				ENABLE_STRICT_OBJC_MSGSEND = YES;
				ENABLE_TESTABILITY = YES;
				GCC_C_LANGUAGE_STANDARD = gnu99;
				GCC_DYNAMIC_NO_PIC = NO;
				GCC_NO_COMMON_BLOCKS = YES;
				GCC_OPTIMIZATION_LEVEL = 0;
				GCC_PREPROCESSOR_DEFINITIONS = (
					"DEBUG=1",
					"$(inherited)",
				);
				GCC_WARN_64_TO_32_BIT_CONVERSION = YES;
				GCC_WARN_ABOUT_RETURN_TYPE = YES_ERROR;
				GCC_WARN_UNDECLARED_SELECTOR = YES;
				GCC_WARN_UNINITIALIZED_AUTOS = YES_AGGRESSIVE;
				GCC_WARN_UNUSED_FUNCTION = YES;
				GCC_WARN_UNUSED_VARIABLE = YES;
				IPHONEOS_DEPLOYMENT_TARGET = 9.3;
				MTL_ENABLE_DEBUG_INFO = YES;
				ONLY_ACTIVE_ARCH = YES;
				SDKROOT = iphoneos;
				SWIFT_OPTIMIZATION_LEVEL = "-Onone";
				TARGETED_DEVICE_FAMILY = "1,2";
			};
			name = Debug;
		};
		49B2007F1CECA33A00B3FE69 /* Release */ = {
			isa = XCBuildConfiguration;
			buildSettings = {
				ALWAYS_SEARCH_USER_PATHS = NO;
				CLANG_ANALYZER_NONNULL = YES;
				CLANG_CXX_LANGUAGE_STANDARD = "gnu++0x";
				CLANG_CXX_LIBRARY = "libc++";
				CLANG_ENABLE_MODULES = YES;
				CLANG_ENABLE_OBJC_ARC = YES;
				CLANG_WARN_BOOL_CONVERSION = YES;
				CLANG_WARN_CONSTANT_CONVERSION = YES;
				CLANG_WARN_DIRECT_OBJC_ISA_USAGE = YES_ERROR;
				CLANG_WARN_EMPTY_BODY = YES;
				CLANG_WARN_ENUM_CONVERSION = YES;
				CLANG_WARN_INT_CONVERSION = YES;
				CLANG_WARN_OBJC_ROOT_CLASS = YES_ERROR;
				CLANG_WARN_UNREACHABLE_CODE = YES;
				CLANG_WARN__DUPLICATE_METHOD_MATCH = YES;
				"CODE_SIGN_IDENTITY[sdk=iphoneos*]" = "iPhone Developer";
				COPY_PHASE_STRIP = NO;
				DEBUG_INFORMATION_FORMAT = "dwarf-with-dsym";
				ENABLE_NS_ASSERTIONS = NO;
				ENABLE_STRICT_OBJC_MSGSEND = YES;
				GCC_C_LANGUAGE_STANDARD = gnu99;
				GCC_NO_COMMON_BLOCKS = YES;
				GCC_WARN_64_TO_32_BIT_CONVERSION = YES;
				GCC_WARN_ABOUT_RETURN_TYPE = YES_ERROR;
				GCC_WARN_UNDECLARED_SELECTOR = YES;
				GCC_WARN_UNINITIALIZED_AUTOS = YES_AGGRESSIVE;
				GCC_WARN_UNUSED_FUNCTION = YES;
				GCC_WARN_UNUSED_VARIABLE = YES;
				IPHONEOS_DEPLOYMENT_TARGET = 9.3;
				MTL_ENABLE_DEBUG_INFO = NO;
				SDKROOT = iphoneos;
				TARGETED_DEVICE_FAMILY = "1,2";
				VALIDATE_PRODUCT = YES;
			};
			name = Release;
		};
		49B200811CECA33A00B3FE69 /* Debug */ = {
			isa = XCBuildConfiguration;
			baseConfigurationReference = C02BB7A2719A7B043E6560B2 /* Pods-ApartmentMgr.debug.xcconfig */;
			buildSettings = {
				ASSETCATALOG_COMPILER_APPICON_NAME = AppIcon;
				INFOPLIST_FILE = ApartmentMgr/Info.plist;
				LD_RUNPATH_SEARCH_PATHS = "$(inherited) @executable_path/Frameworks";
				PRODUCT_BUNDLE_IDENTIFIER = com.ironyardstudent.ApartmentMgr;
				PRODUCT_NAME = "$(TARGET_NAME)";
			};
			name = Debug;
		};
		49B200821CECA33A00B3FE69 /* Release */ = {
			isa = XCBuildConfiguration;
			baseConfigurationReference = 34E8289E21DD057B969D3393 /* Pods-ApartmentMgr.release.xcconfig */;
			buildSettings = {
				ASSETCATALOG_COMPILER_APPICON_NAME = AppIcon;
				INFOPLIST_FILE = ApartmentMgr/Info.plist;
				LD_RUNPATH_SEARCH_PATHS = "$(inherited) @executable_path/Frameworks";
				PRODUCT_BUNDLE_IDENTIFIER = com.ironyardstudent.ApartmentMgr;
				PRODUCT_NAME = "$(TARGET_NAME)";
			};
			name = Release;
		};
/* End XCBuildConfiguration section */

/* Begin XCConfigurationList section */
		49B200691CECA33A00B3FE69 /* Build configuration list for PBXProject "ApartmentMgr" */ = {
			isa = XCConfigurationList;
			buildConfigurations = (
				49B2007E1CECA33A00B3FE69 /* Debug */,
				49B2007F1CECA33A00B3FE69 /* Release */,
			);
			defaultConfigurationIsVisible = 0;
			defaultConfigurationName = Release;
		};
		49B200801CECA33A00B3FE69 /* Build configuration list for PBXNativeTarget "ApartmentMgr" */ = {
			isa = XCConfigurationList;
			buildConfigurations = (
				49B200811CECA33A00B3FE69 /* Debug */,
				49B200821CECA33A00B3FE69 /* Release */,
			);
			defaultConfigurationIsVisible = 0;
			defaultConfigurationName = Release;
		};
/* End XCConfigurationList section */
	};
	rootObject = 49B200661CECA33A00B3FE69 /* Project object */;
}
